
Microsoft Visual Studio Solution File, Format Version 12.00
# Visual Studio Version 17
VisualStudioVersion = 17.13.35931.197 d17.13
MinimumVisualStudioVersion = 10.0.40219.1
Project("{FAE04EC0-301F-11D3-BF4B-00C04F79EFBC}") = "HydroelectricPowerPlantControlPanel", "HydroelectricPowerPlantControlPanel\HydroelectricPowerPlantControlPanel.csproj", "{327C49B6-E5EF-4855-969E-94C8D7032AFF}"
EndProject
Global
	GlobalSection(SolutionConfigurationPlatforms) = preSolution
		Debug|Any CPU = Debug|Any CPU
		Release|Any CPU = Release|Any CPU
	EndGlobalSection
	GlobalSection(ProjectConfigurationPlatforms) = postSolution
		{327C49B6-E5EF-4855-969E-94C8D7032AFF}.Debug|Any CPU.ActiveCfg = Debug|Any CPU
		{327C49B6-E5EF-4855-969E-94C8D7032AFF}.Debug|Any CPU.Build.0 = Debug|Any CPU
		{327C49B6-E5EF-4855-969E-94C8D7032AFF}.Release|Any CPU.ActiveCfg = Release|Any CPU
		{327C49B6-E5EF-4855-969E-94C8D7032AFF}.Release|Any CPU.Build.0 = Release|Any CPU
	EndGlobalSection
	GlobalSection(SolutionProperties) = preSolution
		HideSolutionNode = FALSE
	EndGlobalSection
	GlobalSection(ExtensibilityGlobals) = postSolution
		SolutionGuid = {BDD7CFFA-E98D-4719-BD76-549B44EF3B26}
	EndGlobalSection
EndGlobal
